
Microsoft Visual Studio Solution File, Format Version 12.00
# Visual Studio Version 16
VisualStudioVersion = 16.0.31410.357
MinimumVisualStudioVersion = 10.0.40219.1
Project("{9A19103F-16F7-4668-BE54-9A1E7A4F7556}") = "GildedRoseKata", "GildedRoseKata.csproj", "{4BDE3533-324D-4915-B707-0CBB89DCCD77}"
EndProject
Global
	GlobalSection(SolutionConfigurationPlatforms) = preSolution
		Debug|Any CPU = Debug|Any CPU
		Release|Any CPU = Release|Any CPU
	EndGlobalSection
	GlobalSection(ProjectConfigurationPlatforms) = postSolution
		{4BDE3533-324D-4915-B707-0CBB89DCCD77}.Debug|Any CPU.ActiveCfg = Debug|Any CPU
		{4BDE3533-324D-4915-B707-0CBB89DCCD77}.Debug|Any CPU.Build.0 = Debug|Any CPU
		{4BDE3533-324D-4915-B707-0CBB89DCCD77}.Release|Any CPU.ActiveCfg = Release|Any CPU
		{4BDE3533-324D-4915-B707-0CBB89DCCD77}.Release|Any CPU.Build.0 = Release|Any CPU
	EndGlobalSection
	GlobalSection(SolutionProperties) = preSolution
		HideSolutionNode = FALSE
	EndGlobalSection
	GlobalSection(ExtensibilityGlobals) = postSolution
		SolutionGuid = {AC7DE856-03E2-401F-A74F-1ECB27D930B0}
	EndGlobalSection
EndGlobal
